
Microsoft Visual Studio Solution File, Format Version 12.00
# Visual Studio Version 16
VisualStudioVersion = 16.0.31129.286
MinimumVisualStudioVersion = 10.0.40219.1
Project("{FAE04EC0-301F-11D3-BF4B-00C04F79EFBC}") = "Chess", "Chess.csproj", "{DEE47E64-F48E-45E7-905A-366F05CD3AD7}"
EndProject
Global
	GlobalSection(SolutionConfigurationPlatforms) = preSolution
		Debug|Any CPU = Debug|Any CPU
		Release|Any CPU = Release|Any CPU
	EndGlobalSection
	GlobalSection(ProjectConfigurationPlatforms) = postSolution
		{DEE47E64-F48E-45E7-905A-366F05CD3AD7}.Debug|Any CPU.ActiveCfg = Debug|Any CPU
		{DEE47E64-F48E-45E7-905A-366F05CD3AD7}.Debug|Any CPU.Build.0 = Debug|Any CPU
		{DEE47E64-F48E-45E7-905A-366F05CD3AD7}.Release|Any CPU.ActiveCfg = Release|Any CPU
		{DEE47E64-F48E-45E7-905A-366F05CD3AD7}.Release|Any CPU.Build.0 = Release|Any CPU
	EndGlobalSection
	GlobalSection(SolutionProperties) = preSolution
		HideSolutionNode = FALSE
	EndGlobalSection
	GlobalSection(ExtensibilityGlobals) = postSolution
		SolutionGuid = {D325A91D-EBCB-497A-A14C-62FE5B9F9FF7}
	EndGlobalSection
EndGlobal
